
Microsoft Visual Studio Solution File, Format Version 12.00
# Visual Studio Version 17
VisualStudioVersion = 17.0.31903.59
MinimumVisualStudioVersion = 10.0.40219.1
Project("{FAE04EC0-301F-11D3-BF4B-00C04F79EFBC}") = "CPS", "CPS.csproj", "{EF53AAEF-B95F-4C37-AA30-7F2778FC19B0}"
EndProject
Global
	GlobalSection(SolutionConfigurationPlatforms) = preSolution
		Debug|Any CPU = Debug|Any CPU
		Release|Any CPU = Release|Any CPU
	EndGlobalSection
	GlobalSection(ProjectConfigurationPlatforms) = postSolution
		{EF53AAEF-B95F-4C37-AA30-7F2778FC19B0}.Debug|Any CPU.ActiveCfg = Debug|Any CPU
		{EF53AAEF-B95F-4C37-AA30-7F2778FC19B0}.Debug|Any CPU.Build.0 = Debug|Any CPU
		{EF53AAEF-B95F-4C37-AA30-7F2778FC19B0}.Release|Any CPU.ActiveCfg = Release|Any CPU
		{EF53AAEF-B95F-4C37-AA30-7F2778FC19B0}.Release|Any CPU.Build.0 = Release|Any CPU
	EndGlobalSection
	GlobalSection(SolutionProperties) = preSolution
		HideSolutionNode = FALSE
	EndGlobalSection
	GlobalSection(ExtensibilityGlobals) = postSolution
		SolutionGuid = {AECA8BF2-0713-4792-9819-4CDFBBE7A2DE}
	EndGlobalSection
EndGlobal
